
Microsoft Visual Studio Solution File, Format Version 12.00
# Visual Studio Version 17
VisualStudioVersion = 17.14.36127.28 d17.14
MinimumVisualStudioVersion = 10.0.40219.1
Project("{FAE04EC0-301F-11D3-BF4B-00C04F79EFBC}") = "mongo", "mongo.csproj", "{1695395B-77C6-4B32-B966-522E71FF6114}"
EndProject
Global
	GlobalSection(SolutionConfigurationPlatforms) = preSolution
		Debug|Any CPU = Debug|Any CPU
		Release|Any CPU = Release|Any CPU
	EndGlobalSection
	GlobalSection(ProjectConfigurationPlatforms) = postSolution
		{1695395B-77C6-4B32-B966-522E71FF6114}.Debug|Any CPU.ActiveCfg = Debug|Any CPU
		{1695395B-77C6-4B32-B966-522E71FF6114}.Debug|Any CPU.Build.0 = Debug|Any CPU
		{1695395B-77C6-4B32-B966-522E71FF6114}.Release|Any CPU.ActiveCfg = Release|Any CPU
		{1695395B-77C6-4B32-B966-522E71FF6114}.Release|Any CPU.Build.0 = Release|Any CPU
	EndGlobalSection
	GlobalSection(SolutionProperties) = preSolution
		HideSolutionNode = FALSE
	EndGlobalSection
	GlobalSection(ExtensibilityGlobals) = postSolution
		SolutionGuid = {50E63883-C511-4617-9DD4-367A7815663B}
	EndGlobalSection
EndGlobal
